
Microsoft Visual Studio Solution File, Format Version 12.00
# Visual Studio 15
VisualStudioVersion = 15.0.26730.16
MinimumVisualStudioVersion = 10.0.40219.1
Project("{FAE04EC0-301F-11D3-BF4B-00C04F79EFBC}") = "MalalimAdmin", "MalalimAdmin\MalalimAdmin.csproj", "{2243B331-B525-4E48-BE1B-9ED0E1497E1E}"
EndProject
Global
	GlobalSection(SolutionConfigurationPlatforms) = preSolution
		Debug|Any CPU = Debug|Any CPU
		Release|Any CPU = Release|Any CPU
	EndGlobalSection
	GlobalSection(ProjectConfigurationPlatforms) = postSolution
		{2243B331-B525-4E48-BE1B-9ED0E1497E1E}.Debug|Any CPU.ActiveCfg = Debug|Any CPU
		{2243B331-B525-4E48-BE1B-9ED0E1497E1E}.Debug|Any CPU.Build.0 = Debug|Any CPU
		{2243B331-B525-4E48-BE1B-9ED0E1497E1E}.Release|Any CPU.ActiveCfg = Release|Any CPU
		{2243B331-B525-4E48-BE1B-9ED0E1497E1E}.Release|Any CPU.Build.0 = Release|Any CPU
	EndGlobalSection
	GlobalSection(SolutionProperties) = preSolution
		HideSolutionNode = FALSE
	EndGlobalSection
	GlobalSection(ExtensibilityGlobals) = postSolution
		SolutionGuid = {E473F2DB-4ABF-46B6-8BF3-99A6E2E4560C}
	EndGlobalSection
EndGlobal
